
Microsoft Visual Studio Solution File, Format Version 12.00
# Visual Studio Version 17
VisualStudioVersion = 17.14.36401.2 d17.14
MinimumVisualStudioVersion = 10.0.40219.1
Project("{FAE04EC0-301F-11D3-BF4B-00C04F79EFBC}") = "AikoGameBackend", "AikoGameBackend\AikoGameBackend.csproj", "{7384F9A3-963F-4B15-B01A-8E2110ABA9C4}"
EndProject
Global
	GlobalSection(SolutionConfigurationPlatforms) = preSolution
		Debug|Any CPU = Debug|Any CPU
		Release|Any CPU = Release|Any CPU
	EndGlobalSection
	GlobalSection(ProjectConfigurationPlatforms) = postSolution
		{7384F9A3-963F-4B15-B01A-8E2110ABA9C4}.Debug|Any CPU.ActiveCfg = Debug|Any CPU
		{7384F9A3-963F-4B15-B01A-8E2110ABA9C4}.Debug|Any CPU.Build.0 = Debug|Any CPU
		{7384F9A3-963F-4B15-B01A-8E2110ABA9C4}.Release|Any CPU.ActiveCfg = Release|Any CPU
		{7384F9A3-963F-4B15-B01A-8E2110ABA9C4}.Release|Any CPU.Build.0 = Release|Any CPU
	EndGlobalSection
	GlobalSection(SolutionProperties) = preSolution
		HideSolutionNode = FALSE
	EndGlobalSection
	GlobalSection(ExtensibilityGlobals) = postSolution
		SolutionGuid = {4E199DEF-2E22-4136-9B07-573432D2DC36}
	EndGlobalSection
EndGlobal
